
Microsoft Visual Studio Solution File, Format Version 12.00
# Visual Studio 15
VisualStudioVersion = 15.0.28307.757
MinimumVisualStudioVersion = 10.0.40219.1
Project("{888888A0-9F3D-457C-B088-3A5042F75D52}") = "frida-heybox", "frida-heybox\frida-heybox.pyproj", "{00394F40-C4AC-43EB-8211-124FB576EA5B}"
EndProject
Global
	GlobalSection(SolutionConfigurationPlatforms) = preSolution
		Debug|Any CPU = Debug|Any CPU
		Release|Any CPU = Release|Any CPU
	EndGlobalSection
	GlobalSection(ProjectConfigurationPlatforms) = postSolution
		{00394F40-C4AC-43EB-8211-124FB576EA5B}.Debug|Any CPU.ActiveCfg = Debug|Any CPU
		{00394F40-C4AC-43EB-8211-124FB576EA5B}.Release|Any CPU.ActiveCfg = Release|Any CPU
	EndGlobalSection
	GlobalSection(SolutionProperties) = preSolution
		HideSolutionNode = FALSE
	EndGlobalSection
	GlobalSection(ExtensibilityGlobals) = postSolution
		SolutionGuid = {183C2186-36B7-4E27-9010-A800EC237C0C}
	EndGlobalSection
EndGlobal
